
Microsoft Visual Studio Solution File, Format Version 12.00
# Visual Studio Version 16
VisualStudioVersion = 16.0.30804.86
MinimumVisualStudioVersion = 15.0.26124.0
Project("{9A19103F-16F7-4668-BE54-9A1E7A4F7556}") = "SportsStore", "SportsStore\SportsStore.csproj", "{FDEB2EF8-D8CD-4A32-BAFA-C8E321629BFC}"
EndProject
Project("{9A19103F-16F7-4668-BE54-9A1E7A4F7556}") = "SportsStore.Tests", "SportsStore.Tests\SportsStore.Tests.csproj", "{9EF22607-7341-47BD-81D6-27B903D0FC29}"
EndProject
Global
	GlobalSection(SolutionConfigurationPlatforms) = preSolution
		Debug|Any CPU = Debug|Any CPU
		Debug|x64 = Debug|x64
		Debug|x86 = Debug|x86
		Release|Any CPU = Release|Any CPU
		Release|x64 = Release|x64
		Release|x86 = Release|x86
	EndGlobalSection
	GlobalSection(ProjectConfigurationPlatforms) = postSolution
		{FDEB2EF8-D8CD-4A32-BAFA-C8E321629BFC}.Debug|Any CPU.ActiveCfg = Debug|Any CPU
		{FDEB2EF8-D8CD-4A32-BAFA-C8E321629BFC}.Debug|Any CPU.Build.0 = Debug|Any CPU
		{FDEB2EF8-D8CD-4A32-BAFA-C8E321629BFC}.Debug|x64.ActiveCfg = Debug|Any CPU
		{FDEB2EF8-D8CD-4A32-BAFA-C8E321629BFC}.Debug|x64.Build.0 = Debug|Any CPU
		{FDEB2EF8-D8CD-4A32-BAFA-C8E321629BFC}.Debug|x86.ActiveCfg = Debug|Any CPU
		{FDEB2EF8-D8CD-4A32-BAFA-C8E321629BFC}.Debug|x86.Build.0 = Debug|Any CPU
		{FDEB2EF8-D8CD-4A32-BAFA-C8E321629BFC}.Release|Any CPU.ActiveCfg = Release|Any CPU
		{FDEB2EF8-D8CD-4A32-BAFA-C8E321629BFC}.Release|Any CPU.Build.0 = Release|Any CPU
		{FDEB2EF8-D8CD-4A32-BAFA-C8E321629BFC}.Release|x64.ActiveCfg = Release|Any CPU
		{FDEB2EF8-D8CD-4A32-BAFA-C8E321629BFC}.Release|x64.Build.0 = Release|Any CPU
		{FDEB2EF8-D8CD-4A32-BAFA-C8E321629BFC}.Release|x86.ActiveCfg = Release|Any CPU
		{FDEB2EF8-D8CD-4A32-BAFA-C8E321629BFC}.Release|x86.Build.0 = Release|Any CPU
		{9EF22607-7341-47BD-81D6-27B903D0FC29}.Debug|Any CPU.ActiveCfg = Debug|Any CPU
		{9EF22607-7341-47BD-81D6-27B903D0FC29}.Debug|Any CPU.Build.0 = Debug|Any CPU
		{9EF22607-7341-47BD-81D6-27B903D0FC29}.Debug|x64.ActiveCfg = Debug|Any CPU
		{9EF22607-7341-47BD-81D6-27B903D0FC29}.Debug|x64.Build.0 = Debug|Any CPU
		{9EF22607-7341-47BD-81D6-27B903D0FC29}.Debug|x86.ActiveCfg = Debug|Any CPU
		{9EF22607-7341-47BD-81D6-27B903D0FC29}.Debug|x86.Build.0 = Debug|Any CPU
		{9EF22607-7341-47BD-81D6-27B903D0FC29}.Release|Any CPU.ActiveCfg = Release|Any CPU
		{9EF22607-7341-47BD-81D6-27B903D0FC29}.Release|Any CPU.Build.0 = Release|Any CPU
		{9EF22607-7341-47BD-81D6-27B903D0FC29}.Release|x64.ActiveCfg = Release|Any CPU
		{9EF22607-7341-47BD-81D6-27B903D0FC29}.Release|x64.Build.0 = Release|Any CPU
		{9EF22607-7341-47BD-81D6-27B903D0FC29}.Release|x86.ActiveCfg = Release|Any CPU
		{9EF22607-7341-47BD-81D6-27B903D0FC29}.Release|x86.Build.0 = Release|Any CPU
	EndGlobalSection
	GlobalSection(SolutionProperties) = preSolution
		HideSolutionNode = FALSE
	EndGlobalSection
	GlobalSection(ExtensibilityGlobals) = postSolution
		SolutionGuid = {7B87FCE4-8CA3-4B92-95D7-022A7FACA83C}
	EndGlobalSection
EndGlobal
